<?xml version="1.0" encoding="utf-8"?>
<Project ToolsVersion="4.0" xmlns="http://schemas.microsoft.com/developer/msbuild/2003">
  <ItemGroup>
    <Filter Include="bcp">
      <UniqueIdentifier>{b082f54b-cd51-4a67-acbe-7f766f78936a}</UniqueIdentifier>
    </Filter>
    <Filter Include="clause_learning">
      <UniqueIdentifier>{faac49f9-a7b6-4c60-95f1-a5eaa7d035f5}</UniqueIdentifier>
    </Filter>
    <Filter Include="conflict_analysis">
      <UniqueIdentifier>{99ca7887-4dfe-4ec6-9925-dd908eaf3590}</UniqueIdentifier>
    </Filter>
    <Filter Include="decision_strategy">
      <UniqueIdentifier>{d7b32446-d919-432c-98bb-cae2df37bc62}</UniqueIdentifier>
    </Filter>
    <Filter Include="error_handler">
      <UniqueIdentifier>{47d5b3b1-8408-43ab-9e64-6f117369768f}</UniqueIdentifier>
    </Filter>
    <Filter Include="file_manager">
      <UniqueIdentifier>{3eb74b20-2e6c-4894-9fe6-ec11f49352fe}</UniqueIdentifier>
    </Filter>
    <Filter Include="jobs_manager">
      <UniqueIdentifier>{9e87ce83-d431-4038-9a26-9061b26563e2}</UniqueIdentifier>
    </Filter>
    <Filter Include="preprocessing">
      <UniqueIdentifier>{997e64df-733b-47f9-884e-6a01d501bb1b}</UniqueIdentifier>
    </Filter>
    <Filter Include="restarts">
      <UniqueIdentifier>{c9a8a79a-a249-41d9-8ec0-2f3c475cf686}</UniqueIdentifier>
    </Filter>
    <Filter Include="statistics">
      <UniqueIdentifier>{bff17bcc-a8a7-484a-8ca8-23437f2c221e}</UniqueIdentifier>
    </Filter>
    <Filter Include="utils">
      <UniqueIdentifier>{76276c6c-7add-4f19-a57c-afe4a3e0f582}</UniqueIdentifier>
    </Filter>
    <Filter Include="core">
      <UniqueIdentifier>{98ab0e5d-c4bc-4e12-9c5f-51a06e876947}</UniqueIdentifier>
    </Filter>
  </ItemGroup>
  <ItemGroup>
    <CudaCompile Include="..\..\src\BCPStrategy\ClauseListStructure.cu">
      <Filter>bcp</Filter>
    </CudaCompile>
    <CudaCompile Include="..\..\src\BCPStrategy\WatchedClausesList.cu">
      <Filter>bcp</Filter>
    </CudaCompile>
    <CudaCompile Include="..\..\src\ClauseLearning\LearntClauseRepository.cu">
      <Filter>clause_learning</Filter>
    </CudaCompile>
    <CudaCompile Include="..\..\src\ClauseLearning\LearntClausesManager.cu">
      <Filter>clause_learning</Filter>
    </CudaCompile>
    <CudaCompile Include="..\..\src\ConflictAnalysis\ConflictAnalyzer.cu">
      <Filter>conflict_analysis</Filter>
    </CudaCompile>
    <CudaCompile Include="..\..\src\ConflictAnalysis\ConflictAnalyzerFullSearchSpace.cu">
      <Filter>conflict_analysis</Filter>
    </CudaCompile>
    <CudaCompile Include="..\..\src\ConflictAnalysis\ConflictAnalyzerWithWatchedLits.cu">
      <Filter>conflict_analysis</Filter>
    </CudaCompile>
    <CudaCompile Include="..\..\src\ConflictAnalysis\CUDAListGraph.cu">
      <Filter>conflict_analysis</Filter>
    </CudaCompile>
    <CudaCompile Include="..\..\src\ConflictAnalysis\GraphAnalyzer.cu">
      <Filter>conflict_analysis</Filter>
    </CudaCompile>
    <CudaCompile Include="..\..\src\ConflictAnalysis\GraphStructure.cu">
      <Filter>conflict_analysis</Filter>
    </CudaCompile>
    <CudaCompile Include="..\..\src\DecisionStrategy\Heap.cu">
      <Filter>decision_strategy</Filter>
    </CudaCompile>
    <CudaCompile Include="..\..\src\DecisionStrategy\VSIDS.cu">
      <Filter>decision_strategy</Filter>
    </CudaCompile>
    <CudaCompile Include="..\..\src\ErrorHandler\CudaMemoryErrorHandler.cu">
      <Filter>error_handler</Filter>
    </CudaCompile>
    <CudaCompile Include="..\..\src\FileManager\FormulaData.cu">
      <Filter>file_manager</Filter>
    </CudaCompile>
    <CudaCompile Include="..\..\src\FileManager\FileUtils.cu">
      <Filter>file_manager</Filter>
    </CudaCompile>
    <CudaCompile Include="..\..\src\JobsManager\VariableChooser.cu">
      <Filter>jobs_manager</Filter>
    </CudaCompile>
    <CudaCompile Include="..\..\src\JobsManager\SimpleJobChooser.cu">
      <Filter>jobs_manager</Filter>
    </CudaCompile>
    <CudaCompile Include="..\..\src\JobsManager\JobChooser.cu">
      <Filter>jobs_manager</Filter>
    </CudaCompile>
    <CudaCompile Include="..\..\src\Preprocessing\UnaryClausesRemover.cu">
      <Filter>preprocessing</Filter>
    </CudaCompile>
    <CudaCompile Include="..\..\src\Preprocessing\RepeatedLiteralsRemover.cu">
      <Filter>preprocessing</Filter>
    </CudaCompile>
    <CudaCompile Include="..\..\src\Restarts\GeometricRestartsManager.cu">
      <Filter>restarts</Filter>
    </CudaCompile>
    <CudaCompile Include="..\..\src\SATSolver\VariablesStateHandler.cu">
      <Filter>core</Filter>
    </CudaCompile>
    <CudaCompile Include="..\..\src\SATSolver\SolverTypes.cu">
      <Filter>core</Filter>
    </CudaCompile>
    <CudaCompile Include="..\..\src\SATSolver\SATSolver.cu">
      <Filter>core</Filter>
    </CudaCompile>
    <CudaCompile Include="..\..\src\SATSolver\Results.cu">
      <Filter>core</Filter>
    </CudaCompile>
    <CudaCompile Include="..\..\src\SATSolver\Parallelizer.cu">
      <Filter>core</Filter>
    </CudaCompile>
    <CudaCompile Include="..\..\src\SATSolver\main.cu">
      <Filter>core</Filter>
    </CudaCompile>
    <CudaCompile Include="..\..\src\SATSolver\JobsQueue.cu">
      <Filter>core</Filter>
    </CudaCompile>
    <CudaCompile Include="..\..\src\SATSolver\DecisionMaker.cu">
      <Filter>core</Filter>
    </CudaCompile>
    <CudaCompile Include="..\..\src\SATSolver\DataToDevice.cu">
      <Filter>core</Filter>
    </CudaCompile>
    <CudaCompile Include="..\..\src\SATSolver\Backtracker.cu">
      <Filter>core</Filter>
    </CudaCompile>
    <CudaCompile Include="..\..\src\Statistics\RuntimeStatistics.cu">
      <Filter>statistics</Filter>
    </CudaCompile>
    <CudaCompile Include="..\..\src\Utils\CUDAClauseVec.cu">
      <Filter>utils</Filter>
    </CudaCompile>
    <CudaCompile Include="..\..\src\DecisionStrategy\VarIndexedVector.cu">
      <Filter>decision_strategy</Filter>
    </CudaCompile>
  </ItemGroup>
  <ItemGroup>
    <ClInclude Include="..\..\src\BCPStrategy\WatchedClausesList.cuh">
      <Filter>bcp</Filter>
    </ClInclude>
    <ClInclude Include="..\..\src\ClauseLearning\LearntClauseRepository.cuh">
      <Filter>clause_learning</Filter>
    </ClInclude>
    <ClInclude Include="..\..\src\ClauseLearning\LearntClausesManager.cuh">
      <Filter>clause_learning</Filter>
    </ClInclude>
    <ClInclude Include="..\..\src\ConflictAnalysis\ConflictAnalyzer.cuh">
      <Filter>conflict_analysis</Filter>
    </ClInclude>
    <ClInclude Include="..\..\src\ConflictAnalysis\ConflictAnalyzerFullSearchSpace.cuh">
      <Filter>conflict_analysis</Filter>
    </ClInclude>
    <ClInclude Include="..\..\src\ConflictAnalysis\ConflictAnalyzerWithWatchedLits.cuh">
      <Filter>conflict_analysis</Filter>
    </ClInclude>
    <ClInclude Include="..\..\src\ConflictAnalysis\CUDAListGraph.cuh">
      <Filter>conflict_analysis</Filter>
    </ClInclude>
    <ClInclude Include="..\..\src\ConflictAnalysis\GraphAnalyzer.cuh">
      <Filter>conflict_analysis</Filter>
    </ClInclude>
    <ClInclude Include="..\..\src\DecisionStrategy\Heap.cuh">
      <Filter>decision_strategy</Filter>
    </ClInclude>
    <ClInclude Include="..\..\src\DecisionStrategy\VSIDS.cuh">
      <Filter>decision_strategy</Filter>
    </ClInclude>
    <ClInclude Include="..\..\src\ErrorHandler\CudaMemoryErrorHandler.cuh">
      <Filter>error_handler</Filter>
    </ClInclude>
    <ClInclude Include="..\..\src\FileManager\FormulaData.cuh">
      <Filter>file_manager</Filter>
    </ClInclude>
    <ClInclude Include="..\..\src\FileManager\FileUtils.cuh">
      <Filter>file_manager</Filter>
    </ClInclude>
    <ClInclude Include="..\..\src\JobsManager\VariableChooser.cuh">
      <Filter>jobs_manager</Filter>
    </ClInclude>
    <ClInclude Include="..\..\src\JobsManager\SimpleJobChooser.cuh">
      <Filter>jobs_manager</Filter>
    </ClInclude>
    <ClInclude Include="..\..\src\JobsManager\JobChooser.cuh">
      <Filter>jobs_manager</Filter>
    </ClInclude>
    <ClInclude Include="..\..\src\Preprocessing\UnaryClausesRemover.cuh">
      <Filter>preprocessing</Filter>
    </ClInclude>
    <ClInclude Include="..\..\src\Preprocessing\RepeatedLiteralsRemover.cuh">
      <Filter>preprocessing</Filter>
    </ClInclude>
    <ClInclude Include="..\..\src\Restarts\RestartsManager.cuh">
      <Filter>restarts</Filter>
    </ClInclude>
    <ClInclude Include="..\..\src\Restarts\GeometricRestartsManager.cuh">
      <Filter>restarts</Filter>
    </ClInclude>
    <ClInclude Include="..\..\src\SATSolver\VariablesStateHandler.cuh">
      <Filter>core</Filter>
    </ClInclude>
    <ClInclude Include="..\..\src\SATSolver\SolverTypes.cuh">
      <Filter>core</Filter>
    </ClInclude>
    <ClInclude Include="..\..\src\SATSolver\SATSolver.cuh">
      <Filter>core</Filter>
    </ClInclude>
    <ClInclude Include="..\..\src\SATSolver\Results.cuh">
      <Filter>core</Filter>
    </ClInclude>
    <ClInclude Include="..\..\src\SATSolver\Parallelizer.cuh">
      <Filter>core</Filter>
    </ClInclude>
    <ClInclude Include="..\..\src\SATSolver\JobsQueue.cuh">
      <Filter>core</Filter>
    </ClInclude>
    <ClInclude Include="..\..\src\SATSolver\DecisionMaker.cuh">
      <Filter>core</Filter>
    </ClInclude>
    <ClInclude Include="..\..\src\SATSolver\DataToDevice.cuh">
      <Filter>core</Filter>
    </ClInclude>
    <ClInclude Include="..\..\src\SATSolver\Configs.cuh">
      <Filter>core</Filter>
    </ClInclude>
    <ClInclude Include="..\..\src\SATSolver\Backtracker.cuh">
      <Filter>core</Filter>
    </ClInclude>
    <ClInclude Include="..\..\src\Statistics\StatisticsCalculator.cuh">
      <Filter>statistics</Filter>
    </ClInclude>
    <ClInclude Include="..\..\src\Statistics\RuntimeStatistics.cuh">
      <Filter>statistics</Filter>
    </ClInclude>
    <ClInclude Include="..\..\src\Utils\NodesRepository.cuh">
      <Filter>utils</Filter>
    </ClInclude>
    <ClInclude Include="..\..\src\Utils\GPUVec.cuh">
      <Filter>utils</Filter>
    </ClInclude>
    <ClInclude Include="..\..\src\Utils\GPUStaticVec.cuh">
      <Filter>utils</Filter>
    </ClInclude>
    <ClInclude Include="..\..\src\Utils\GPULinkedList.cuh">
      <Filter>utils</Filter>
    </ClInclude>
    <ClInclude Include="..\..\src\Utils\CUDAClauseVec.cuh">
      <Filter>utils</Filter>
    </ClInclude>
    <ClInclude Include="..\..\src\FileManager\CnfReader.h">
      <Filter>file_manager</Filter>
    </ClInclude>
    <ClInclude Include="..\..\src\FileManager\ParametersManager.h">
      <Filter>file_manager</Filter>
    </ClInclude>
    <ClInclude Include="..\..\src\Utils\Stopwatch.cuh">
      <Filter>utils</Filter>
    </ClInclude>
  </ItemGroup>
  <ItemGroup>
    <ClCompile Include="..\..\src\FileManager\CnfReader.cpp">
      <Filter>file_manager</Filter>
    </ClCompile>
    <ClCompile Include="..\..\src\FileManager\ParametersManager.cpp">
      <Filter>file_manager</Filter>
    </ClCompile>
  </ItemGroup>
</Project>